{
  "name": "@getclaps/button",
  "version": "1.0.0-alpha.19",
  "lockfileVersion": 2,
  "requires": true,
  "packages": {
    "": {
      "name": "@getclaps/button",
      "version": "1.0.0-alpha.19",
      "license": "MIT",
      "dependencies": {
        "@getclaps/proof-of-clap": "^0.3.1",
        "broadcastchannel-polyfill": "^1.0.1",
        "kv-storage-polyfill": "^2.0.0",
        "lit-element": "^2.4.0",
        "lit-html": "^1.3.0"
      },
      "devDependencies": {
        "esbuild": "^0.10.2",
        "tslib": "^2.1.0",
        "typescript": "^4.1.3"
      }
    },
    "node_modules/@getclaps/proof-of-clap": {
      "version": "0.3.1",
      "resolved": "https://registry.npmjs.org/@getclaps/proof-of-clap/-/proof-of-clap-0.3.1.tgz",
      "integrity": "sha512-zyYXxEy5VMocvCI3EK43QBQ7u4iKpS0hCa4Ud+IDG9HnNI/3vPm7UaNa6Hj2mx6DJG0XJ1xVE/HQxc2cqK/uJg==",
      "dependencies": {
        "typed-array-utils": "^0.2.0",
        "uuid-class": "^0.12.0"
      }
    },
    "node_modules/@getclaps/proof-of-clap/node_modules/typed-array-utils": {
      "version": "0.2.0",
      "resolved": "https://registry.npmjs.org/typed-array-utils/-/typed-array-utils-0.2.0.tgz",
      "integrity": "sha512-oULmUJcgOT2fbmrRN6WXLCoVUM9eRg1duyjPcVH53USq82T82u+RXbd0CxJQZK/sPUm0TYfW6vUFprutN9CslQ=="
    },
    "node_modules/broadcastchannel-polyfill": {
      "version": "1.0.1",
      "resolved": "https://registry.npmjs.org/broadcastchannel-polyfill/-/broadcastchannel-polyfill-1.0.1.tgz",
      "integrity": "sha512-iooPAN913j4xfrIu5o+mDaks9UUDOBfgjn8SsuzysfXr/X+f8m9y5t8c5rAbW6P0LdUXBJx33zwN4Cs6b9BGRw=="
    },
    "node_modules/esbuild": {
      "version": "0.10.2",
      "resolved": "https://registry.npmjs.org/esbuild/-/esbuild-0.10.2.tgz",
      "integrity": "sha512-/5vsZD7wTJJHC3yNXLUjXNvUDwqwNoIMvFvLd9tcDQ9el5l13pspYm3yufavjIeYvNtAbo+6N/6uoWx9dGA6ug==",
      "dev": true,
      "hasInstallScript": true,
      "bin": {
        "esbuild": "bin/esbuild"
      }
    },
    "node_modules/kv-storage-polyfill": {
      "version": "2.0.0",
      "resolved": "https://registry.npmjs.org/kv-storage-polyfill/-/kv-storage-polyfill-2.0.0.tgz",
      "integrity": "sha512-K4tV8kYT2YNP00GN77pJ099cpwaYCOBGYY2NsfLjUtimE49YI9OYX+MGzOGHNOttUNCKC2Y3YZpV7P+HY2tgCQ=="
    },
    "node_modules/lit-element": {
      "version": "2.4.0",
      "resolved": "https://registry.npmjs.org/lit-element/-/lit-element-2.4.0.tgz",
      "integrity": "sha512-pBGLglxyhq/Prk2H91nA0KByq/hx/wssJBQFiYqXhGDvEnY31PRGYf1RglVzyLeRysu0IHm2K0P196uLLWmwFg==",
      "dependencies": {
        "lit-html": "^1.1.1"
      }
    },
    "node_modules/lit-html": {
      "version": "1.3.0",
      "resolved": "https://registry.npmjs.org/lit-html/-/lit-html-1.3.0.tgz",
      "integrity": "sha512-0Q1bwmaFH9O14vycPHw8C/IeHMk/uSDldVLIefu/kfbTBGIc44KGH6A8p1bDfxUfHdc8q6Ct7kQklWoHgr4t1Q=="
    },
    "node_modules/tslib": {
      "version": "2.1.0",
      "resolved": "https://registry.npmjs.org/tslib/-/tslib-2.1.0.tgz",
      "integrity": "sha512-hcVC3wYEziELGGmEEXue7D75zbwIIVUMWAVbHItGPx0ziyXxrOMQx4rQEVEV45Ut/1IotuEvwqPopzIOkDMf0A==",
      "dev": true
    },
    "node_modules/typed-array-utils": {
      "version": "0.1.0",
      "resolved": "https://registry.npmjs.org/typed-array-utils/-/typed-array-utils-0.1.0.tgz",
      "integrity": "sha512-vktjDuUmM4d1M751wxN9Tss3oMpcNjuPeC8RMdlz9RXAV87HlDBsNtLCnCA7SO/4eQTImZ7fwdR3kvEu1u28XQ=="
    },
    "node_modules/typescript": {
      "version": "4.1.3",
      "resolved": "https://registry.npmjs.org/typescript/-/typescript-4.1.3.tgz",
      "integrity": "sha512-B3ZIOf1IKeH2ixgHhj6la6xdwR9QrLC5d1VKeCSY4tvkqhF2eqd9O7txNlS0PO3GrBAFIdr3L1ndNwteUbZLYg==",
      "dev": true,
      "bin": {
        "tsc": "bin/tsc",
        "tsserver": "bin/tsserver"
      },
      "engines": {
        "node": ">=4.2.0"
      }
    },
    "node_modules/uuid-class": {
      "version": "0.12.0",
      "resolved": "https://registry.npmjs.org/uuid-class/-/uuid-class-0.12.0.tgz",
      "integrity": "sha512-4InIanSF0tFVoK/8qP+0wug7RpL5kQi4KHN7bA1iVrTC6BiOipAm8OW8euFvHVu/DFgaK/GU5dnXaDUXqOu1xA==",
      "dependencies": {
        "typed-array-utils": "^0.1.0"
      },
      "engines": {
        "node": ">=10"
      }
    }
  },
  "dependencies": {
    "@getclaps/proof-of-clap": {
      "version": "0.3.1",
      "resolved": "https://registry.npmjs.org/@getclaps/proof-of-clap/-/proof-of-clap-0.3.1.tgz",
      "integrity": "sha512-zyYXxEy5VMocvCI3EK43QBQ7u4iKpS0hCa4Ud+IDG9HnNI/3vPm7UaNa6Hj2mx6DJG0XJ1xVE/HQxc2cqK/uJg==",
      "requires": {
        "typed-array-utils": "^0.2.0",
        "uuid-class": "^0.12.0"
      },
      "dependencies": {
        "typed-array-utils": {
          "version": "0.2.0",
          "resolved": "https://registry.npmjs.org/typed-array-utils/-/typed-array-utils-0.2.0.tgz",
          "integrity": "sha512-oULmUJcgOT2fbmrRN6WXLCoVUM9eRg1duyjPcVH53USq82T82u+RXbd0CxJQZK/sPUm0TYfW6vUFprutN9CslQ=="
        }
      }
    },
    "broadcastchannel-polyfill": {
      "version": "1.0.1",
      "resolved": "https://registry.npmjs.org/broadcastchannel-polyfill/-/broadcastchannel-polyfill-1.0.1.tgz",
      "integrity": "sha512-iooPAN913j4xfrIu5o+mDaks9UUDOBfgjn8SsuzysfXr/X+f8m9y5t8c5rAbW6P0LdUXBJx33zwN4Cs6b9BGRw=="
    },
    "esbuild": {
      "version": "0.10.2",
      "resolved": "https://registry.npmjs.org/esbuild/-/esbuild-0.10.2.tgz",
      "integrity": "sha512-/5vsZD7wTJJHC3yNXLUjXNvUDwqwNoIMvFvLd9tcDQ9el5l13pspYm3yufavjIeYvNtAbo+6N/6uoWx9dGA6ug==",
      "dev": true
    },
    "kv-storage-polyfill": {
      "version": "2.0.0",
      "resolved": "https://registry.npmjs.org/kv-storage-polyfill/-/kv-storage-polyfill-2.0.0.tgz",
      "integrity": "sha512-K4tV8kYT2YNP00GN77pJ099cpwaYCOBGYY2NsfLjUtimE49YI9OYX+MGzOGHNOttUNCKC2Y3YZpV7P+HY2tgCQ=="
    },
    "lit-element": {
      "version": "2.4.0",
      "resolved": "https://registry.npmjs.org/lit-element/-/lit-element-2.4.0.tgz",
      "integrity": "sha512-pBGLglxyhq/Prk2H91nA0KByq/hx/wssJBQFiYqXhGDvEnY31PRGYf1RglVzyLeRysu0IHm2K0P196uLLWmwFg==",
      "requires": {
        "lit-html": "^1.1.1"
      }
    },
    "lit-html": {
      "version": "1.3.0",
      "resolved": "https://registry.npmjs.org/lit-html/-/lit-html-1.3.0.tgz",
      "integrity": "sha512-0Q1bwmaFH9O14vycPHw8C/IeHMk/uSDldVLIefu/kfbTBGIc44KGH6A8p1bDfxUfHdc8q6Ct7kQklWoHgr4t1Q=="
    },
    "tslib": {
      "version": "2.1.0",
      "resolved": "https://registry.npmjs.org/tslib/-/tslib-2.1.0.tgz",
      "integrity": "sha512-hcVC3wYEziELGGmEEXue7D75zbwIIVUMWAVbHItGPx0ziyXxrOMQx4rQEVEV45Ut/1IotuEvwqPopzIOkDMf0A==",
      "dev": true
    },
    "typed-array-utils": {
      "version": "0.1.0",
      "resolved": "https://registry.npmjs.org/typed-array-utils/-/typed-array-utils-0.1.0.tgz",
      "integrity": "sha512-vktjDuUmM4d1M751wxN9Tss3oMpcNjuPeC8RMdlz9RXAV87HlDBsNtLCnCA7SO/4eQTImZ7fwdR3kvEu1u28XQ=="
    },
    "typescript": {
      "version": "4.1.3",
      "resolved": "https://registry.npmjs.org/typescript/-/typescript-4.1.3.tgz",
      "integrity": "sha512-B3ZIOf1IKeH2ixgHhj6la6xdwR9QrLC5d1VKeCSY4tvkqhF2eqd9O7txNlS0PO3GrBAFIdr3L1ndNwteUbZLYg==",
      "dev": true
    },
    "uuid-class": {
      "version": "0.12.0",
      "resolved": "https://registry.npmjs.org/uuid-class/-/uuid-class-0.12.0.tgz",
      "integrity": "sha512-4InIanSF0tFVoK/8qP+0wug7RpL5kQi4KHN7bA1iVrTC6BiOipAm8OW8euFvHVu/DFgaK/GU5dnXaDUXqOu1xA==",
      "requires": {
        "typed-array-utils": "^0.1.0"
      }
    }
  }
}
